
Microsoft Visual Studio Solution File, Format Version 12.00
# Visual Studio 15
VisualStudioVersion = 15.0.27130.0
MinimumVisualStudioVersion = 10.0.40219.1
Project("{FAE04EC0-301F-11D3-BF4B-00C04F79EFBC}") = "decrypt", "decrypt\decrypt.csproj", "{340F1C92-8137-4DBF-969D-F47E40821092}"
EndProject
Global
	GlobalSection(SolutionConfigurationPlatforms) = preSolution
		Debug|Any CPU = Debug|Any CPU
		Release|Any CPU = Release|Any CPU
	EndGlobalSection
	GlobalSection(ProjectConfigurationPlatforms) = postSolution
		{340F1C92-8137-4DBF-969D-F47E40821092}.Debug|Any CPU.ActiveCfg = Debug|Any CPU
		{340F1C92-8137-4DBF-969D-F47E40821092}.Debug|Any CPU.Build.0 = Debug|Any CPU
		{340F1C92-8137-4DBF-969D-F47E40821092}.Release|Any CPU.ActiveCfg = Release|Any CPU
		{340F1C92-8137-4DBF-969D-F47E40821092}.Release|Any CPU.Build.0 = Release|Any CPU
	EndGlobalSection
	GlobalSection(SolutionProperties) = preSolution
		HideSolutionNode = FALSE
	EndGlobalSection
	GlobalSection(ExtensibilityGlobals) = postSolution
		SolutionGuid = {E683A08F-2C08-48B2-A0BA-CB8384702D1A}
	EndGlobalSection
EndGlobal
