
Microsoft Visual Studio Solution File, Format Version 12.00
# Visual Studio 15
VisualStudioVersion = 15.0.27130.2036
MinimumVisualStudioVersion = 10.0.40219.1
Project("{FAE04EC0-301F-11D3-BF4B-00C04F79EFBC}") = "L2RPacketReader", "L2RPacketReader\L2RPacketReader.csproj", "{DDDB543F-BFC5-43D9-8C72-B6F03AF40BCB}"
EndProject
Project("{9A19103F-16F7-4668-BE54-9A1E7A4F7556}") = "L2RPacketReader2", "L2RPacketReader2\L2RPacketReader2.csproj", "{535A81D4-CEFE-42CC-AD04-076F3D0866E3}"
EndProject
Global
	GlobalSection(SolutionConfigurationPlatforms) = preSolution
		Debug|Any CPU = Debug|Any CPU
		Release|Any CPU = Release|Any CPU
	EndGlobalSection
	GlobalSection(ProjectConfigurationPlatforms) = postSolution
		{DDDB543F-BFC5-43D9-8C72-B6F03AF40BCB}.Debug|Any CPU.ActiveCfg = Debug|Any CPU
		{DDDB543F-BFC5-43D9-8C72-B6F03AF40BCB}.Debug|Any CPU.Build.0 = Debug|Any CPU
		{DDDB543F-BFC5-43D9-8C72-B6F03AF40BCB}.Release|Any CPU.ActiveCfg = Release|Any CPU
		{DDDB543F-BFC5-43D9-8C72-B6F03AF40BCB}.Release|Any CPU.Build.0 = Release|Any CPU
		{535A81D4-CEFE-42CC-AD04-076F3D0866E3}.Debug|Any CPU.ActiveCfg = Debug|Any CPU
		{535A81D4-CEFE-42CC-AD04-076F3D0866E3}.Debug|Any CPU.Build.0 = Debug|Any CPU
		{535A81D4-CEFE-42CC-AD04-076F3D0866E3}.Release|Any CPU.ActiveCfg = Release|Any CPU
		{535A81D4-CEFE-42CC-AD04-076F3D0866E3}.Release|Any CPU.Build.0 = Release|Any CPU
	EndGlobalSection
	GlobalSection(SolutionProperties) = preSolution
		HideSolutionNode = FALSE
	EndGlobalSection
	GlobalSection(ExtensibilityGlobals) = postSolution
		SolutionGuid = {DDFD4750-0834-4DA0-93B7-4F009C0205F3}
	EndGlobalSection
EndGlobal
